PODS:
  - Alamofire (4.5.0)
  - CryptoSwift (0.6.9)
  - PageMenu (2.0.0)
  - Starscream (2.0.4)
  - Swamp (0.2.0):
    - CryptoSwift (~> 0.6.0)
    - Starscream (~> 2.0.0)
    - SwiftyJSON (~> 3.1.0)
  - SwiftyJSON (3.1.4)

DEPENDENCIES:
  - Alamofire (~> 4.4)
  - PageMenu
  - Swamp (~> 0.2.0)

SPEC CHECKSUMS:
  Alamofire: f28cdffd29de33a7bfa022cbd63ae95a27fae140
  CryptoSwift: a22f6ba238e9ce4d26ee7bf45b9ed82e7122d4a0
  PageMenu: 9c38fd7e0d9ef4b1408320f55bb907bbc0e538dc
  Starscream: df5974ee928b157c8eda8af8de7c620276b7dfcc
  Swamp: c702bf2d26f3e4d379321a481fcd807037e173fc
  SwiftyJSON: c2842d878f95482ffceec5709abc3d05680c0220

PODFILE CHECKSUM: 1ade975f265969128b745d0c1f21ebe30930dc17

COCOAPODS: 1.2.1
